
Microsoft Visual Studio Solution File, Format Version 12.00
# Visual Studio Version 16
VisualStudioVersion = 16.0.29306.81
MinimumVisualStudioVersion = 10.0.40219.1
Project("{8BC9CEB8-8B4A-11D0-8D11-00A0C91BC942}") = "th17patch", "th17patch.vcxproj", "{441E3409-2487-438F-9C67-64DEBA3AD610}"
EndProject
Global
	GlobalSection(SolutionConfigurationPlatforms) = preSolution
		Debug|x86 = Debug|x86
		Release|x86 = Release|x86
	EndGlobalSection
	GlobalSection(ProjectConfigurationPlatforms) = postSolution
		{441E3409-2487-438F-9C67-64DEBA3AD610}.Debug|x86.ActiveCfg = Debug|Win32
		{441E3409-2487-438F-9C67-64DEBA3AD610}.Debug|x86.Build.0 = Debug|Win32
		{441E3409-2487-438F-9C67-64DEBA3AD610}.Release|x86.ActiveCfg = Release|Win32
		{441E3409-2487-438F-9C67-64DEBA3AD610}.Release|x86.Build.0 = Release|Win32
	EndGlobalSection
	GlobalSection(SolutionProperties) = preSolution
		HideSolutionNode = FALSE
	EndGlobalSection
	GlobalSection(ExtensibilityGlobals) = postSolution
		SolutionGuid = {F67C1756-AC3D-4720-9AD5-83EAFC20FB3E}
	EndGlobalSection
EndGlobal
